PODS:
  - AFOFoundation (1.0.9):
    - AFOFoundation/array (= 1.0.9)
    - AFOFoundation/bundle (= 1.0.9)
    - AFOFoundation/define (= 1.0.9)
    - AFOFoundation/dictionary (= 1.0.9)
    - AFOFoundation/sandbox (= 1.0.9)
    - AFOFoundation/string (= 1.0.9)
    - AFOFoundation/weak (= 1.0.9)
  - AFOFoundation/array (1.0.9)
  - AFOFoundation/bundle (1.0.9)
  - AFOFoundation/define (1.0.9)
  - AFOFoundation/dictionary (1.0.9)
  - AFOFoundation/sandbox (1.0.9)
  - AFOFoundation/string (1.0.9)
  - AFOFoundation/weak (1.0.9)
  - AFOSchedulerCore (0.0.1):
    - AFOSchedulerCore/scheduler (= 0.0.1)
  - AFOSchedulerCore/scheduler (0.0.1)
  - AFOUIKIT (0.0.7):
    - AFOUIKIT/viewController (= 0.0.7)
  - AFOUIKIT/viewController (0.0.7)

DEPENDENCIES:
  - AFOFoundation
  - AFOSchedulerCore
  - AFOUIKIT

SPEC REPOS:
  trunk:
    - AFOFoundation
    - AFOSchedulerCore
    - AFOUIKIT

SPEC CHECKSUMS:
  AFOFoundation: b5953521aa5c436dba3d2e77d56b5614289476ab
  AFOSchedulerCore: 0e4cdd5bdadfb2ae323ccc4cf9b205757b34d540
  AFOUIKIT: b1e12d14891b02f23c5dd3808db57ee6873e5c15

PODFILE CHECKSUM: bb9f3de7949f63819bb46013ee63bcf7b8fd7b06

COCOAPODS: 1.8.3
